
Microsoft Visual Studio Solution File, Format Version 12.00
# Visual Studio Version 16
VisualStudioVersion = 16.0.32428.217
MinimumVisualStudioVersion = 10.0.40219.1
Project("{9A19103F-16F7-4668-BE54-9A1E7A4F7556}") = "CommandAPI", "CommandAPI\CommandAPI.csproj", "{79E36868-AD0D-4796-BE5C-FDF80336D628}"
EndProject
Project("{9A19103F-16F7-4668-BE54-9A1E7A4F7556}") = "CommandAPI.Tests", "CommandAPI.Tests\CommandAPI.Tests.csproj", "{62C57BD3-C5F2-4D45-9D76-130AE642EC7A}"
EndProject
Global
	GlobalSection(SolutionConfigurationPlatforms) = preSolution
		Debug|Any CPU = Debug|Any CPU
		Release|Any CPU = Release|Any CPU
	EndGlobalSection
	GlobalSection(ProjectConfigurationPlatforms) = postSolution
		{79E36868-AD0D-4796-BE5C-FDF80336D628}.Debug|Any CPU.ActiveCfg = Debug|Any CPU
		{79E36868-AD0D-4796-BE5C-FDF80336D628}.Debug|Any CPU.Build.0 = Debug|Any CPU
		{79E36868-AD0D-4796-BE5C-FDF80336D628}.Release|Any CPU.ActiveCfg = Release|Any CPU
		{79E36868-AD0D-4796-BE5C-FDF80336D628}.Release|Any CPU.Build.0 = Release|Any CPU
		{62C57BD3-C5F2-4D45-9D76-130AE642EC7A}.Debug|Any CPU.ActiveCfg = Debug|Any CPU
		{62C57BD3-C5F2-4D45-9D76-130AE642EC7A}.Debug|Any CPU.Build.0 = Debug|Any CPU
		{62C57BD3-C5F2-4D45-9D76-130AE642EC7A}.Release|Any CPU.ActiveCfg = Release|Any CPU
		{62C57BD3-C5F2-4D45-9D76-130AE642EC7A}.Release|Any CPU.Build.0 = Release|Any CPU
	EndGlobalSection
	GlobalSection(SolutionProperties) = preSolution
		HideSolutionNode = FALSE
	EndGlobalSection
	GlobalSection(ExtensibilityGlobals) = postSolution
		SolutionGuid = {935FDB3D-B7E2-4E7E-9246-7A5A86D04180}
	EndGlobalSection
EndGlobal
